
Microsoft Visual Studio Solution File, Format Version 12.00
# Visual Studio Version 17
VisualStudioVersion = 17.3.32901.215
MinimumVisualStudioVersion = 10.0.40219.1
Project("{2150E333-8FDC-42A3-9474-1A3956D46DE8}") = "InventoryService", "InventoryService", "{37085E07-08C0-47E1-AD32-FA42A79FF4B5}"
EndProject
Project("{9A19103F-16F7-4668-BE54-9A1E7A4F7556}") = "Inventory.WebAPI", "WebAPI\Inventory.WebAPI.csproj", "{0D1C465B-7066-4417-8788-14025B262E6E}"
EndProject
Project("{9A19103F-16F7-4668-BE54-9A1E7A4F7556}") = "Inventory.Data", "DataAccessLayer\Inventory.Data.csproj", "{822A41F2-E1FA-4326-90E5-5F3019677E18}"
EndProject
Project("{2150E333-8FDC-42A3-9474-1A3956D46DE8}") = "CoreServices", "CoreServices", "{037C2590-62F9-4A2D-BE43-603269D230C2}"
EndProject
Project("{9A19103F-16F7-4668-BE54-9A1E7A4F7556}") = "RedBook.Core", "RedBook.Core\RedBook.Core.csproj", "{53E2F54F-CFC6-4D11-ACA2-BC0460597F92}"
EndProject
Project("{2150E333-8FDC-42A3-9474-1A3956D46DE8}") = "Solution Items", "Solution Items", "{3C2E7927-0419-4A5B-854D-62B81872CA6B}"
	ProjectSection(SolutionItems) = preProject
		.editorconfig = .editorconfig
	EndProjectSection
EndProject
Project("{9A19103F-16F7-4668-BE54-9A1E7A4F7556}") = "Inventory.Domain", "Inventory.Domain\Inventory.Domain.csproj", "{3CDC093B-8B36-4AE5-8199-B230B9405D54}"
EndProject
Project("{2150E333-8FDC-42A3-9474-1A3956D46DE8}") = "Blume.Id", "Blume.Id", "{0FD60010-B58F-4F51-AB91-B1A9DF5925BE}"
EndProject
Project("{9A19103F-16F7-4668-BE54-9A1E7A4F7556}") = "Identity.Data", "Identity.Data\Identity.Data.csproj", "{BD1B7401-F597-48C4-8FA7-DC4B6E44B701}"
EndProject
Project("{FAE04EC0-301F-11D3-BF4B-00C04F79EFBC}") = "Identity.WebAPI", "Identity.WebAPI\Identity.WebAPI.csproj", "{6D884644-8BED-4B90-AED5-4715F6AAB269}"
EndProject
Project("{FAE04EC0-301F-11D3-BF4B-00C04F79EFBC}") = "Identity.Domain", "Identity.Domain\Identity.Domain.csproj", "{B7948C8D-9AF0-4469-8581-78763C07C71D}"
EndProject
Global
	GlobalSection(SolutionConfigurationPlatforms) = preSolution
		Debug|Any CPU = Debug|Any CPU
		Release|Any CPU = Release|Any CPU
	EndGlobalSection
	GlobalSection(ProjectConfigurationPlatforms) = postSolution
		{0D1C465B-7066-4417-8788-14025B262E6E}.Debug|Any CPU.ActiveCfg = Debug|Any CPU
		{0D1C465B-7066-4417-8788-14025B262E6E}.Debug|Any CPU.Build.0 = Debug|Any CPU
		{0D1C465B-7066-4417-8788-14025B262E6E}.Release|Any CPU.ActiveCfg = Release|Any CPU
		{0D1C465B-7066-4417-8788-14025B262E6E}.Release|Any CPU.Build.0 = Release|Any CPU
		{822A41F2-E1FA-4326-90E5-5F3019677E18}.Debug|Any CPU.ActiveCfg = Debug|Any CPU
		{822A41F2-E1FA-4326-90E5-5F3019677E18}.Debug|Any CPU.Build.0 = Debug|Any CPU
		{822A41F2-E1FA-4326-90E5-5F3019677E18}.Release|Any CPU.ActiveCfg = Release|Any CPU
		{822A41F2-E1FA-4326-90E5-5F3019677E18}.Release|Any CPU.Build.0 = Release|Any CPU
		{53E2F54F-CFC6-4D11-ACA2-BC0460597F92}.Debug|Any CPU.ActiveCfg = Debug|Any CPU
		{53E2F54F-CFC6-4D11-ACA2-BC0460597F92}.Debug|Any CPU.Build.0 = Debug|Any CPU
		{53E2F54F-CFC6-4D11-ACA2-BC0460597F92}.Release|Any CPU.ActiveCfg = Release|Any CPU
		{53E2F54F-CFC6-4D11-ACA2-BC0460597F92}.Release|Any CPU.Build.0 = Release|Any CPU
		{3CDC093B-8B36-4AE5-8199-B230B9405D54}.Debug|Any CPU.ActiveCfg = Debug|Any CPU
		{3CDC093B-8B36-4AE5-8199-B230B9405D54}.Debug|Any CPU.Build.0 = Debug|Any CPU
		{3CDC093B-8B36-4AE5-8199-B230B9405D54}.Release|Any CPU.ActiveCfg = Release|Any CPU
		{3CDC093B-8B36-4AE5-8199-B230B9405D54}.Release|Any CPU.Build.0 = Release|Any CPU
		{BD1B7401-F597-48C4-8FA7-DC4B6E44B701}.Debug|Any CPU.ActiveCfg = Debug|Any CPU
		{BD1B7401-F597-48C4-8FA7-DC4B6E44B701}.Debug|Any CPU.Build.0 = Debug|Any CPU
		{BD1B7401-F597-48C4-8FA7-DC4B6E44B701}.Release|Any CPU.ActiveCfg = Release|Any CPU
		{BD1B7401-F597-48C4-8FA7-DC4B6E44B701}.Release|Any CPU.Build.0 = Release|Any CPU
		{6D884644-8BED-4B90-AED5-4715F6AAB269}.Debug|Any CPU.ActiveCfg = Debug|Any CPU
		{6D884644-8BED-4B90-AED5-4715F6AAB269}.Debug|Any CPU.Build.0 = Debug|Any CPU
		{6D884644-8BED-4B90-AED5-4715F6AAB269}.Release|Any CPU.ActiveCfg = Release|Any CPU
		{6D884644-8BED-4B90-AED5-4715F6AAB269}.Release|Any CPU.Build.0 = Release|Any CPU
		{B7948C8D-9AF0-4469-8581-78763C07C71D}.Debug|Any CPU.ActiveCfg = Debug|Any CPU
		{B7948C8D-9AF0-4469-8581-78763C07C71D}.Debug|Any CPU.Build.0 = Debug|Any CPU
		{B7948C8D-9AF0-4469-8581-78763C07C71D}.Release|Any CPU.ActiveCfg = Release|Any CPU
		{B7948C8D-9AF0-4469-8581-78763C07C71D}.Release|Any CPU.Build.0 = Release|Any CPU
	EndGlobalSection
	GlobalSection(SolutionProperties) = preSolution
		HideSolutionNode = FALSE
	EndGlobalSection
	GlobalSection(NestedProjects) = preSolution
		{0D1C465B-7066-4417-8788-14025B262E6E} = {37085E07-08C0-47E1-AD32-FA42A79FF4B5}
		{822A41F2-E1FA-4326-90E5-5F3019677E18} = {37085E07-08C0-47E1-AD32-FA42A79FF4B5}
		{53E2F54F-CFC6-4D11-ACA2-BC0460597F92} = {037C2590-62F9-4A2D-BE43-603269D230C2}
		{3CDC093B-8B36-4AE5-8199-B230B9405D54} = {37085E07-08C0-47E1-AD32-FA42A79FF4B5}
		{BD1B7401-F597-48C4-8FA7-DC4B6E44B701} = {0FD60010-B58F-4F51-AB91-B1A9DF5925BE}
		{6D884644-8BED-4B90-AED5-4715F6AAB269} = {0FD60010-B58F-4F51-AB91-B1A9DF5925BE}
		{B7948C8D-9AF0-4469-8581-78763C07C71D} = {0FD60010-B58F-4F51-AB91-B1A9DF5925BE}
	EndGlobalSection
	GlobalSection(ExtensibilityGlobals) = postSolution
		SolutionGuid = {82527706-4C3A-4C21-9071-F5811EB50765}
	EndGlobalSection
EndGlobal
